
Microsoft Visual Studio Solution File, Format Version 12.00
# Visual Studio Version 17
VisualStudioVersion = 17.9.34728.123
MinimumVisualStudioVersion = 10.0.40219.1
Project("{FAE04EC0-301F-11D3-BF4B-00C04F79EFBC}") = "UnoApp8", "UnoApp8\UnoApp8.csproj", "{7D7947AD-5F11-4046-A8C2-B230070A3E90}"
EndProject
Project("{2150E333-8FDC-42A3-9474-1A3956D46DE8}") = "Solution Items", "Solution Items", "{EE753C56-EF32-4FFF-B51B-63798DC8FC55}"
	ProjectSection(SolutionItems) = preProject
		.gitignore = .gitignore
		Directory.Build.props = Directory.Build.props
		Directory.Build.targets = Directory.Build.targets
		Directory.Packages.props = Directory.Packages.props
		global.json = global.json
	EndProjectSection
EndProject
Global
	GlobalSection(SolutionConfigurationPlatforms) = preSolution
		Debug|Any CPU = Debug|Any CPU
		Release|Any CPU = Release|Any CPU
	EndGlobalSection
	GlobalSection(ProjectConfigurationPlatforms) = postSolution
		{7D7947AD-5F11-4046-A8C2-B230070A3E90}.Debug|Any CPU.ActiveCfg = Debug|Any CPU
		{7D7947AD-5F11-4046-A8C2-B230070A3E90}.Debug|Any CPU.Build.0 = Debug|Any CPU
		{7D7947AD-5F11-4046-A8C2-B230070A3E90}.Debug|Any CPU.Deploy.0 = Debug|Any CPU
		{7D7947AD-5F11-4046-A8C2-B230070A3E90}.Release|Any CPU.ActiveCfg = Release|Any CPU
		{7D7947AD-5F11-4046-A8C2-B230070A3E90}.Release|Any CPU.Build.0 = Release|Any CPU
		{7D7947AD-5F11-4046-A8C2-B230070A3E90}.Release|Any CPU.Deploy.0 = Release|Any CPU
	EndGlobalSection
	GlobalSection(SolutionProperties) = preSolution
		HideSolutionNode = FALSE
	EndGlobalSection
	GlobalSection(ExtensibilityGlobals) = postSolution
		SolutionGuid = {8A737B9D-BD1F-4851-893D-A8220E30A30E}
	EndGlobalSection
EndGlobal
